# This file is autogenerated, do not edit; changes may be undone by the next 'dep ensure'.


[[projects]]
  digest = "1:65b0a07f85f7b5cc019c26775efc278a155a5dea0a8aa617c980e8308d16bc55"
  name = "github.com/influxdata/influxdb"
  packages = [
    "client/v2",
    "models",
    "pkg/escape",
  ]
  pruneopts = "UT"
  revision = "a2ba6e7654fb078f8a3f5add1f8d935df38161bd"
  version = "v1.6.4"

[[projects]]
  branch = "master"
  digest = "1:378c39c233a64b73e155f53519ac3b3b8f9cccaae7067728ed5b3ad94e806958"
  name = "github.com/iovisor/gobpf"
  packages = [
    "bcc",
    "pkg/cpuonline",
  ]
  pruneopts = "UT"
  revision = "8f8e0b6e4fcbbda9274a9fbfa8751e1eb88cd5d3"

[solve-meta]
  analyzer-name = "dep"
  analyzer-version = 1
  input-imports = [
    "github.com/influxdata/influxdb/client/v2",
    "github.com/iovisor/gobpf/bcc",
  ]
  solver-name = "gps-cdcl"
  solver-version = 1
